
Microsoft Visual Studio Solution File, Format Version 12.00
# Visual Studio Version 17
VisualStudioVersion = 17.5.33627.172
MinimumVisualStudioVersion = 10.0.40219.1
Project("{8BC9CEB8-8B4A-11D0-8D11-00A0C91BC942}") = "BladeReforged", "BladeReforged.vcxproj", "{94FF36EF-12A3-4410-A5FC-DF37135E08C1}"
EndProject
Global
	GlobalSection(SolutionConfigurationPlatforms) = preSolution
		Debug|x64 = Debug|x64
		Debug|x86 = Debug|x86
		Release|x64 = Release|x64
		Release|x86 = Release|x86
	EndGlobalSection
	GlobalSection(ProjectConfigurationPlatforms) = postSolution
		{94FF36EF-12A3-4410-A5FC-DF37135E08C1}.Debug|x64.ActiveCfg = Debug|x64
		{94FF36EF-12A3-4410-A5FC-DF37135E08C1}.Debug|x64.Build.0 = Debug|x64
		{94FF36EF-12A3-4410-A5FC-DF37135E08C1}.Debug|x86.ActiveCfg = Debug|Win32
		{94FF36EF-12A3-4410-A5FC-DF37135E08C1}.Debug|x86.Build.0 = Debug|Win32
		{94FF36EF-12A3-4410-A5FC-DF37135E08C1}.Release|x64.ActiveCfg = Release|x64
		{94FF36EF-12A3-4410-A5FC-DF37135E08C1}.Release|x64.Build.0 = Release|x64
		{94FF36EF-12A3-4410-A5FC-DF37135E08C1}.Release|x86.ActiveCfg = Release|Win32
		{94FF36EF-12A3-4410-A5FC-DF37135E08C1}.Release|x86.Build.0 = Release|Win32
	EndGlobalSection
	GlobalSection(SolutionProperties) = preSolution
		HideSolutionNode = FALSE
	EndGlobalSection
	GlobalSection(ExtensibilityGlobals) = postSolution
		SolutionGuid = {98AE311B-CDE0-44D4-B7EC-D88D130A5702}
	EndGlobalSection
EndGlobal
